
Microsoft Visual Studio Solution File, Format Version 12.00
# Visual Studio 2013
VisualStudioVersion = 12.0.30501.0
MinimumVisualStudioVersion = 10.0.40219.1
Project("{FAE04EC0-301F-11D3-BF4B-00C04F79EFBC}") = "SewerConsole", "SewerConsole\SewerConsole.csproj", "{F20F991E-24EC-49FD-BCD3-18733DFF9A07}"
	ProjectSection(ProjectDependencies) = postProject
		{4CA3F511-68E4-4CB9-A51E-49A7CD2AF9C2} = {4CA3F511-68E4-4CB9-A51E-49A7CD2AF9C2}
	EndProjectSection
EndProject
Project("{FAE04EC0-301F-11D3-BF4B-00C04F79EFBC}") = "Pipes", "Pipes\Pipes.csproj", "{4CA3F511-68E4-4CB9-A51E-49A7CD2AF9C2}"
	ProjectSection(ProjectDependencies) = postProject
		{048E7EF0-D4A3-4EE4-9620-B093DCF4B5B6} = {048E7EF0-D4A3-4EE4-9620-B093DCF4B5B6}
	EndProjectSection
EndProject
Project("{FAE04EC0-301F-11D3-BF4B-00C04F79EFBC}") = "Mod", "..\Mod\ModConfig\Mod.csproj", "{048E7EF0-D4A3-4EE4-9620-B093DCF4B5B6}"
EndProject
Project("{FAE04EC0-301F-11D3-BF4B-00C04F79EFBC}") = "Fittings", "Fittings\Fittings.csproj", "{A49EC9FB-7E20-408C-83A6-5F3B8AEC9C61}"
EndProject
Global
	GlobalSection(SolutionConfigurationPlatforms) = preSolution
		Debug|Any CPU = Debug|Any CPU
		Release|Any CPU = Release|Any CPU
	EndGlobalSection
	GlobalSection(ProjectConfigurationPlatforms) = postSolution
		{F20F991E-24EC-49FD-BCD3-18733DFF9A07}.Debug|Any CPU.ActiveCfg = Debug|Any CPU
		{F20F991E-24EC-49FD-BCD3-18733DFF9A07}.Debug|Any CPU.Build.0 = Debug|Any CPU
		{F20F991E-24EC-49FD-BCD3-18733DFF9A07}.Release|Any CPU.ActiveCfg = Release|Any CPU
		{F20F991E-24EC-49FD-BCD3-18733DFF9A07}.Release|Any CPU.Build.0 = Release|Any CPU
		{4CA3F511-68E4-4CB9-A51E-49A7CD2AF9C2}.Debug|Any CPU.ActiveCfg = Debug|Any CPU
		{4CA3F511-68E4-4CB9-A51E-49A7CD2AF9C2}.Debug|Any CPU.Build.0 = Debug|Any CPU
		{4CA3F511-68E4-4CB9-A51E-49A7CD2AF9C2}.Release|Any CPU.ActiveCfg = Release|Any CPU
		{4CA3F511-68E4-4CB9-A51E-49A7CD2AF9C2}.Release|Any CPU.Build.0 = Release|Any CPU
		{048E7EF0-D4A3-4EE4-9620-B093DCF4B5B6}.Debug|Any CPU.ActiveCfg = Debug|Any CPU
		{048E7EF0-D4A3-4EE4-9620-B093DCF4B5B6}.Debug|Any CPU.Build.0 = Debug|Any CPU
		{048E7EF0-D4A3-4EE4-9620-B093DCF4B5B6}.Release|Any CPU.ActiveCfg = Release|Any CPU
		{048E7EF0-D4A3-4EE4-9620-B093DCF4B5B6}.Release|Any CPU.Build.0 = Release|Any CPU
		{A49EC9FB-7E20-408C-83A6-5F3B8AEC9C61}.Debug|Any CPU.ActiveCfg = Debug|Any CPU
		{A49EC9FB-7E20-408C-83A6-5F3B8AEC9C61}.Debug|Any CPU.Build.0 = Debug|Any CPU
		{A49EC9FB-7E20-408C-83A6-5F3B8AEC9C61}.Release|Any CPU.ActiveCfg = Release|Any CPU
		{A49EC9FB-7E20-408C-83A6-5F3B8AEC9C61}.Release|Any CPU.Build.0 = Release|Any CPU
	EndGlobalSection
	GlobalSection(SolutionProperties) = preSolution
		HideSolutionNode = FALSE
	EndGlobalSection
EndGlobal
